
Microsoft Visual Studio Solution File, Format Version 12.00
# Visual Studio Version 16
VisualStudioVersion = 16.0.33529.622
MinimumVisualStudioVersion = 10.0.40219.1
Project("{FAE04EC0-301F-11D3-BF4B-00C04F79EFBC}") = "ModuleClassWriter", "ModuleClassWriter\ModuleClassWriter.csproj", "{B59444C9-B7CD-49B4-94A6-5FD5D611AC77}"
EndProject
Global
	GlobalSection(SolutionConfigurationPlatforms) = preSolution
		Debug|Any CPU = Debug|Any CPU
		Release|Any CPU = Release|Any CPU
	EndGlobalSection
	GlobalSection(ProjectConfigurationPlatforms) = postSolution
		{B59444C9-B7CD-49B4-94A6-5FD5D611AC77}.Debug|Any CPU.ActiveCfg = Debug|Any CPU
		{B59444C9-B7CD-49B4-94A6-5FD5D611AC77}.Debug|Any CPU.Build.0 = Debug|Any CPU
		{B59444C9-B7CD-49B4-94A6-5FD5D611AC77}.Release|Any CPU.ActiveCfg = Release|Any CPU
		{B59444C9-B7CD-49B4-94A6-5FD5D611AC77}.Release|Any CPU.Build.0 = Release|Any CPU
	EndGlobalSection
	GlobalSection(SolutionProperties) = preSolution
		HideSolutionNode = FALSE
	EndGlobalSection
	GlobalSection(ExtensibilityGlobals) = postSolution
		SolutionGuid = {8C0468A4-5B66-404D-B29C-C49BF398EA2B}
	EndGlobalSection
EndGlobal
